// !$*UTF8*$!
{
	archiveVersion = 1;
	classes = {
	};
	objectVersion = 77;
	objects = {

/* Begin PBXBuildFile section */
		40712C9C2F99A5790032E1BE /* Silica in Frameworks */ = {isa = PBXBuildFile; productRef = 40712C9B2F99A5790032E1BE /* Silica */; };
		409AF9AD2F9C47A100E212F5 /* KeyboardShortcuts in Frameworks */ = {isa = PBXBuildFile; productRef = 409AF9AC2F9C47A100E212F5 /* KeyboardShortcuts */; };
/* End PBXBuildFile section */

/* Begin PBXContainerItemProxy section */
		40712C7E2F99A4B10032E1BE /* PBXContainerItemProxy */ = {
			isa = PBXContainerItemProxy;
			containerPortal = 40712C682F99A4AF0032E1BE /* Project object */;
			proxyType = 1;
			remoteGlobalIDString = 40712C6F2F99A4AF0032E1BE;
			remoteInfo = Winnow;
		};
		40712C882F99A4B10032E1BE /* PBXContainerItemProxy */ = {
			isa = PBXContainerItemProxy;
			containerPortal = 40712C682F99A4AF0032E1BE /* Project object */;
			proxyType = 1;
			remoteGlobalIDString = 40712C6F2F99A4AF0032E1BE;
			remoteInfo = Winnow;
		};
/* End PBXContainerItemProxy section */

/* Begin PBXFileReference section */
		401BA18E2F9EFC590019EF72 /* Winnow.xctestplan */ = {isa = PBXFileReference; lastKnownFileType = text; path = Winnow.xctestplan; sourceTree = "<group>"; };
		40712C702F99A4AF0032E1BE /* Winnow.app */ = {isa = PBXFileReference; explicitFileType = wrapper.application; includeInIndex = 0; path = Winnow.app; sourceTree = BUILT_PRODUCTS_DIR; };
		40712C7D2F99A4B10032E1BE /* WinnowTests.xctest */ = {isa = PBXFileReference; explicitFileType = wrapper.cfbundle; includeInIndex = 0; path = WinnowTests.xctest; sourceTree = BUILT_PRODUCTS_DIR; };
		40712C872F99A4B10032E1BE /* WinnowUITests.xctest */ = {isa = PBXFileReference; explicitFileType = wrapper.cfbundle; includeInIndex = 0; path = WinnowUITests.xctest; sourceTree = BUILT_PRODUCTS_DIR; };
/* End PBXFileReference section */

/* Begin PBXFileSystemSynchronizedRootGroup section */
		40712C722F99A4AF0032E1BE /* Winnow */ = {
			isa = PBXFileSystemSynchronizedRootGroup;
			path = Winnow;
			sourceTree = "<group>";
		};
		40712C802F99A4B10032E1BE /* WinnowTests */ = {
			isa = PBXFileSystemSynchronizedRootGroup;
			path = WinnowTests;
			sourceTree = "<group>";
		};
		40712C8A2F99A4B10032E1BE /* WinnowUITests */ = {
			isa = PBXFileSystemSynchronizedRootGroup;
			path = WinnowUITests;
			sourceTree = "<group>";
		};
/* End PBXFileSystemSynchronizedRootGroup section */

/* Begin PBXFrameworksBuildPhase section */
		40712C6D2F99A4AF0032E1BE /* Frameworks */ = {
			isa = PBXFrameworksBuildPhase;
			buildActionMask = 2147483647;
			files = (
				40712C9C2F99A5790032E1BE /* Silica in Frameworks */,
				409AF9AD2F9C47A100E212F5 /* KeyboardShortcuts in Frameworks */,
			);
			runOnlyForDeploymentPostprocessing = 0;
		};
		40712C7A2F99A4B10032E1BE /* Frameworks */ = {
			isa = PBXFrameworksBuildPhase;
			buildActionMask = 2147483647;
			files = (
			);
			runOnlyForDeploymentPostprocessing = 0;
		};
		40712C842F99A4B10032E1BE /* Frameworks */ = {
			isa = PBXFrameworksBuildPhase;
			buildActionMask = 2147483647;
			files = (
			);
			runOnlyForDeploymentPostprocessing = 0;
		};
/* End PBXFrameworksBuildPhase section */

/* Begin PBXGroup section */
		40712C672F99A4AF0032E1BE = {
			isa = PBXGroup;
			children = (
				401BA18E2F9EFC590019EF72 /* Winnow.xctestplan */,
				40712C722F99A4AF0032E1BE /* Winnow */,
				40712C802F99A4B10032E1BE /* WinnowTests */,
				40712C8A2F99A4B10032E1BE /* WinnowUITests */,
				40712C712F99A4AF0032E1BE /* Products */,
			);
			sourceTree = "<group>";
		};
		40712C712F99A4AF0032E1BE /* Products */ = {
			isa = PBXGroup;
			children = (
				40712C702F99A4AF0032E1BE /* Winnow.app */,
				40712C7D2F99A4B10032E1BE /* WinnowTests.xctest */,
				40712C872F99A4B10032E1BE /* WinnowUITests.xctest */,
			);
			name = Products;
			sourceTree = "<group>";
		};
/* End PBXGroup section */

/* Begin PBXNativeTarget section */
		40712C6F2F99A4AF0032E1BE /* Winnow */ = {
			isa = PBXNativeTarget;
			buildConfigurationList = 40712C912F99A4B10032E1BE /* Build configuration list for PBXNativeTarget "Winnow" */;
			buildPhases = (
				40712C6C2F99A4AF0032E1BE /* Sources */,
				40712C6D2F99A4AF0032E1BE /* Frameworks */,
				40712C6E2F99A4AF0032E1BE /* Resources */,
			);
			buildRules = (
			);
			dependencies = (
			);
			fileSystemSynchronizedGroups = (
				40712C722F99A4AF0032E1BE /* Winnow */,
			);
			name = Winnow;
			packageProductDependencies = (
				40712C9B2F99A5790032E1BE /* Silica */,
				409AF9AC2F9C47A100E212F5 /* KeyboardShortcuts */,
			);
			productName = Winnow;
			productReference = 40712C702F99A4AF0032E1BE /* Winnow.app */;
			productType = "com.apple.product-type.application";
		};
		40712C7C2F99A4B10032E1BE /* WinnowTests */ = {
			isa = PBXNativeTarget;
			buildConfigurationList = 40712C942F99A4B10032E1BE /* Build configuration list for PBXNativeTarget "WinnowTests" */;
			buildPhases = (
				40712C792F99A4B10032E1BE /* Sources */,
				40712C7A2F99A4B10032E1BE /* Frameworks */,
				40712C7B2F99A4B10032E1BE /* Resources */,
			);
			buildRules = (
			);
			dependencies = (
				40712C7F2F99A4B10032E1BE /* PBXTargetDependency */,
			);
			fileSystemSynchronizedGroups = (
				40712C802F99A4B10032E1BE /* WinnowTests */,
			);
			name = WinnowTests;
			packageProductDependencies = (
			);
			productName = WinnowTests;
			productReference = 40712C7D2F99A4B10032E1BE /* WinnowTests.xctest */;
			productType = "com.apple.product-type.bundle.unit-test";
		};
		40712C862F99A4B10032E1BE /* WinnowUITests */ = {
			isa = PBXNativeTarget;
			buildConfigurationList = 40712C972F99A4B10032E1BE /* Build configuration list for PBXNativeTarget "WinnowUITests" */;
			buildPhases = (
				40712C832F99A4B10032E1BE /* Sources */,
				40712C842F99A4B10032E1BE /* Frameworks */,
				40712C852F99A4B10032E1BE /* Resources */,
			);
			buildRules = (
			);
			dependencies = (
				40712C892F99A4B10032E1BE /* PBXTargetDependency */,
			);
			fileSystemSynchronizedGroups = (
				40712C8A2F99A4B10032E1BE /* WinnowUITests */,
			);
			name = WinnowUITests;
			packageProductDependencies = (
			);
			productName = WinnowUITests;
			productReference = 40712C872F99A4B10032E1BE /* WinnowUITests.xctest */;
			productType = "com.apple.product-type.bundle.ui-testing";
		};
/* End PBXNativeTarget section */

/* Begin PBXProject section */
		40712C682F99A4AF0032E1BE /* Project object */ = {
			isa = PBXProject;
			attributes = {
				BuildIndependentTargetsInParallel = 1;
				LastSwiftUpdateCheck = 2640;
				LastUpgradeCheck = 2640;
				TargetAttributes = {
					40712C6F2F99A4AF0032E1BE = {
						CreatedOnToolsVersion = 26.4;
					};
					40712C7C2F99A4B10032E1BE = {
						CreatedOnToolsVersion = 26.4;
						TestTargetID = 40712C6F2F99A4AF0032E1BE;
					};
					40712C862F99A4B10032E1BE = {
						CreatedOnToolsVersion = 26.4;
						TestTargetID = 40712C6F2F99A4AF0032E1BE;
					};
				};
			};
			buildConfigurationList = 40712C6B2F99A4AF0032E1BE /* Build configuration list for PBXProject "Winnow" */;
			developmentRegion = en;
			hasScannedForEncodings = 0;
			knownRegions = (
				en,
				Base,
			);
			mainGroup = 40712C672F99A4AF0032E1BE;
			minimizedProjectReferenceProxies = 1;
			packageReferences = (
				40712C9A2F99A5790032E1BE /* XCRemoteSwiftPackageReference "silica" */,
				409AF9AB2F9C47A100E212F5 /* XCRemoteSwiftPackageReference "KeyboardShortcuts" */,
			);
			preferredProjectObjectVersion = 77;
			productRefGroup = 40712C712F99A4AF0032E1BE /* Products */;
			projectDirPath = "";
			projectRoot = "";
			targets = (
				40712C6F2F99A4AF0032E1BE /* Winnow */,
				40712C7C2F99A4B10032E1BE /* WinnowTests */,
				40712C862F99A4B10032E1BE /* WinnowUITests */,
			);
		};
/* End PBXProject section */

/* Begin PBXResourcesBuildPhase section */
		40712C6E2F99A4AF0032E1BE /* Resources */ = {
			isa = PBXResourcesBuildPhase;
			buildActionMask = 2147483647;
			files = (
			);
			runOnlyForDeploymentPostprocessing = 0;
		};
		40712C7B2F99A4B10032E1BE /* Resources */ = {
			isa = PBXResourcesBuildPhase;
			buildActionMask = 2147483647;
			files = (
			);
			runOnlyForDeploymentPostprocessing = 0;
		};
		40712C852F99A4B10032E1BE /* Resources */ = {
			isa = PBXResourcesBuildPhase;
			buildActionMask = 2147483647;
			files = (
			);
			runOnlyForDeploymentPostprocessing = 0;
		};
/* End PBXResourcesBuildPhase section */

/* Begin PBXSourcesBuildPhase section */
		40712C6C2F99A4AF0032E1BE /* Sources */ = {
			isa = PBXSourcesBuildPhase;
			buildActionMask = 2147483647;
			files = (
			);
			runOnlyForDeploymentPostprocessing = 0;
		};
		40712C792F99A4B10032E1BE /* Sources */ = {
			isa = PBXSourcesBuildPhase;
			buildActionMask = 2147483647;
			files = (
			);
			runOnlyForDeploymentPostprocessing = 0;
		};
		40712C832F99A4B10032E1BE /* Sources */ = {
			isa = PBXSourcesBuildPhase;
			buildActionMask = 2147483647;
			files = (
			);
			runOnlyForDeploymentPostprocessing = 0;
		};
/* End PBXSourcesBuildPhase section */

/* Begin PBXTargetDependency section */
		40712C7F2F99A4B10032E1BE /* PBXTargetDependency */ = {
			isa = PBXTargetDependency;
			target = 40712C6F2F99A4AF0032E1BE /* Winnow */;
			targetProxy = 40712C7E2F99A4B10032E1BE /* PBXContainerItemProxy */;
		};
		40712C892F99A4B10032E1BE /* PBXTargetDependency */ = {
			isa = PBXTargetDependency;
			target = 40712C6F2F99A4AF0032E1BE /* Winnow */;
			targetProxy = 40712C882F99A4B10032E1BE /* PBXContainerItemProxy */;
		};
/* End PBXTargetDependency section */

/* Begin XCBuildConfiguration section */
		40712C8F2F99A4B10032E1BE /* Debug */ = {
			isa = XCBuildConfiguration;
			buildSettings = {
				ALWAYS_SEARCH_USER_PATHS = NO;
				ASSETCATALOG_COMPILER_GENERATE_SWIFT_ASSET_SYMBOL_EXTENSIONS = YES;
				CLANG_ANALYZER_NONNULL = YES;
				CLANG_ANALYZER_NUMBER_OBJECT_CONVERSION = YES_AGGRESSIVE;
				CLANG_CXX_LANGUAGE_STANDARD = "gnu++20";
				CLANG_ENABLE_MODULES = YES;
				CLANG_ENABLE_OBJC_ARC = YES;
				CLANG_ENABLE_OBJC_WEAK = YES;
				CLANG_WARN_BLOCK_CAPTURE_AUTORELEASING = YES;
				CLANG_WARN_BOOL_CONVERSION = YES;
				CLANG_WARN_COMMA = YES;
				CLANG_WARN_CONSTANT_CONVERSION = YES;
				CLANG_WARN_DEPRECATED_OBJC_IMPLEMENTATIONS = YES;
				CLANG_WARN_DIRECT_OBJC_ISA_USAGE = YES_ERROR;
				CLANG_WARN_DOCUMENTATION_COMMENTS = YES;
				CLANG_WARN_EMPTY_BODY = YES;
				CLANG_WARN_ENUM_CONVERSION = YES;
				CLANG_WARN_INFINITE_RECURSION = YES;
				CLANG_WARN_INT_CONVERSION = YES;
				CLANG_WARN_NON_LITERAL_NULL_CONVERSION = YES;
				CLANG_WARN_OBJC_IMPLICIT_RETAIN_SELF = YES;
				CLANG_WARN_OBJC_LITERAL_CONVERSION = YES;
				CLANG_WARN_OBJC_ROOT_CLASS = YES_ERROR;
				CLANG_WARN_QUOTED_INCLUDE_IN_FRAMEWORK_HEADER = YES;
				CLANG_WARN_RANGE_LOOP_ANALYSIS = YES;
				CLANG_WARN_STRICT_PROTOTYPES = YES;
				CLANG_WARN_SUSPICIOUS_MOVE = YES;
				CLANG_WARN_UNGUARDED_AVAILABILITY = YES_AGGRESSIVE;
				CLANG_WARN_UNREACHABLE_CODE = YES;
				CLANG_WARN__DUPLICATE_METHOD_MATCH = YES;
				COPY_PHASE_STRIP = NO;
				DEBUG_INFORMATION_FORMAT = dwarf;
				DEVELOPMENT_TEAM = 82P2XLB4UH;
				ENABLE_STRICT_OBJC_MSGSEND = YES;
				ENABLE_TESTABILITY = YES;
				ENABLE_USER_SCRIPT_SANDBOXING = YES;
				GCC_C_LANGUAGE_STANDARD = gnu17;
				GCC_DYNAMIC_NO_PIC = NO;
				GCC_NO_COMMON_BLOCKS = YES;
				GCC_OPTIMIZATION_LEVEL = 0;
				GCC_PREPROCESSOR_DEFINITIONS = (
					"DEBUG=1",
					"$(inherited)",
				);
				GCC_WARN_64_TO_32_BIT_CONVERSION = YES;
				GCC_WARN_ABOUT_RETURN_TYPE = YES_ERROR;
				GCC_WARN_UNDECLARED_SELECTOR = YES;
				GCC_WARN_UNINITIALIZED_AUTOS = YES_AGGRESSIVE;
				GCC_WARN_UNUSED_FUNCTION = YES;
				GCC_WARN_UNUSED_VARIABLE = YES;
				LOCALIZATION_PREFERS_STRING_CATALOGS = YES;
				MACOSX_DEPLOYMENT_TARGET = 26.4;
				MTL_ENABLE_DEBUG_INFO = INCLUDE_SOURCE;
				MTL_FAST_MATH = YES;
				ONLY_ACTIVE_ARCH = YES;
				SDKROOT = macosx;
				SWIFT_ACTIVE_COMPILATION_CONDITIONS = "DEBUG $(inherited)";
				SWIFT_OPTIMIZATION_LEVEL = "-Onone";
			};
			name = Debug;
		};
		40712C902F99A4B10032E1BE /* Release */ = {
			isa = XCBuildConfiguration;
			buildSettings = {
				ALWAYS_SEARCH_USER_PATHS = NO;
				ASSETCATALOG_COMPILER_GENERATE_SWIFT_ASSET_SYMBOL_EXTENSIONS = YES;
				CLANG_ANALYZER_NONNULL = YES;
				CLANG_ANALYZER_NUMBER_OBJECT_CONVERSION = YES_AGGRESSIVE;
				CLANG_CXX_LANGUAGE_STANDARD = "gnu++20";
				CLANG_ENABLE_MODULES = YES;
				CLANG_ENABLE_OBJC_ARC = YES;
				CLANG_ENABLE_OBJC_WEAK = YES;
				CLANG_WARN_BLOCK_CAPTURE_AUTORELEASING = YES;
				CLANG_WARN_BOOL_CONVERSION = YES;
				CLANG_WARN_COMMA = YES;
				CLANG_WARN_CONSTANT_CONVERSION = YES;
				CLANG_WARN_DEPRECATED_OBJC_IMPLEMENTATIONS = YES;
				CLANG_WARN_DIRECT_OBJC_ISA_USAGE = YES_ERROR;
				CLANG_WARN_DOCUMENTATION_COMMENTS = YES;
				CLANG_WARN_EMPTY_BODY = YES;
				CLANG_WARN_ENUM_CONVERSION = YES;
				CLANG_WARN_INFINITE_RECURSION = YES;
				CLANG_WARN_INT_CONVERSION = YES;
				CLANG_WARN_NON_LITERAL_NULL_CONVERSION = YES;
				CLANG_WARN_OBJC_IMPLICIT_RETAIN_SELF = YES;
				CLANG_WARN_OBJC_LITERAL_CONVERSION = YES;
				CLANG_WARN_OBJC_ROOT_CLASS = YES_ERROR;
				CLANG_WARN_QUOTED_INCLUDE_IN_FRAMEWORK_HEADER = YES;
				CLANG_WARN_RANGE_LOOP_ANALYSIS = YES;
				CLANG_WARN_STRICT_PROTOTYPES = YES;
				CLANG_WARN_SUSPICIOUS_MOVE = YES;
				CLANG_WARN_UNGUARDED_AVAILABILITY = YES_AGGRESSIVE;
				CLANG_WARN_UNREACHABLE_CODE = YES;
				CLANG_WARN__DUPLICATE_METHOD_MATCH = YES;
				COPY_PHASE_STRIP = NO;
				DEBUG_INFORMATION_FORMAT = "dwarf-with-dsym";
				DEVELOPMENT_TEAM = 82P2XLB4UH;
				ENABLE_NS_ASSERTIONS = NO;
				ENABLE_STRICT_OBJC_MSGSEND = YES;
				ENABLE_USER_SCRIPT_SANDBOXING = YES;
				GCC_C_LANGUAGE_STANDARD = gnu17;
				GCC_NO_COMMON_BLOCKS = YES;
				GCC_WARN_64_TO_32_BIT_CONVERSION = YES;
				GCC_WARN_ABOUT_RETURN_TYPE = YES_ERROR;
				GCC_WARN_UNDECLARED_SELECTOR = YES;
				GCC_WARN_UNINITIALIZED_AUTOS = YES_AGGRESSIVE;
				GCC_WARN_UNUSED_FUNCTION = YES;
				GCC_WARN_UNUSED_VARIABLE = YES;
				LOCALIZATION_PREFERS_STRING_CATALOGS = YES;
				MACOSX_DEPLOYMENT_TARGET = 26.4;
				MTL_ENABLE_DEBUG_INFO = NO;
				MTL_FAST_MATH = YES;
				SDKROOT = macosx;
				SWIFT_COMPILATION_MODE = wholemodule;
			};
			name = Release;
		};
		40712C922F99A4B10032E1BE /* Debug */ = {
			isa = XCBuildConfiguration;
			buildSettings = {
				ASSETCATALOG_COMPILER_APPICON_NAME = AppIcon;
				ASSETCATALOG_COMPILER_GLOBAL_ACCENT_COLOR_NAME = AccentColor;
				CODE_SIGN_STYLE = Automatic;
				COMBINE_HIDPI_IMAGES = YES;
				CURRENT_PROJECT_VERSION = 2;
				DEVELOPMENT_TEAM = 82P2XLB4UH;
				ENABLE_APP_SANDBOX = NO;
				ENABLE_HARDENED_RUNTIME = YES;
				ENABLE_PREVIEWS = YES;
				GENERATE_INFOPLIST_FILE = YES;
				INFOPLIST_KEY_CFBundleDisplayName = Winnow;
				INFOPLIST_KEY_LSApplicationCategoryType = "public.app-category.utilities";
				INFOPLIST_KEY_LSUIElement = YES;
				INFOPLIST_KEY_NSHumanReadableCopyright = "";
				LD_RUNPATH_SEARCH_PATHS = (
					"$(inherited)",
					"@executable_path/../Frameworks",
				);
				MACOSX_DEPLOYMENT_TARGET = 15;
				MARKETING_VERSION = 1.0;
				PRODUCT_BUNDLE_IDENTIFIER = com.ianyh.Winnow;
				PRODUCT_NAME = "$(TARGET_NAME)";
				REGISTER_APP_GROUPS = YES;
				STRING_CATALOG_GENERATE_SYMBOLS = YES;
				SWIFT_APPROACHABLE_CONCURRENCY = YES;
				SWIFT_DEFAULT_ACTOR_ISOLATION = MainActor;
				SWIFT_EMIT_LOC_STRINGS = YES;
				SWIFT_UPCOMING_FEATURE_MEMBER_IMPORT_VISIBILITY = YES;
				SWIFT_VERSION = 5.0;
			};
			name = Debug;
		};
		40712C932F99A4B10032E1BE /* Release */ = {
			isa = XCBuildConfiguration;
			buildSettings = {
				ASSETCATALOG_COMPILER_APPICON_NAME = AppIcon;
				ASSETCATALOG_COMPILER_GLOBAL_ACCENT_COLOR_NAME = AccentColor;
				CODE_SIGN_STYLE = Automatic;
				COMBINE_HIDPI_IMAGES = YES;
				CURRENT_PROJECT_VERSION = 2;
				DEVELOPMENT_TEAM = 82P2XLB4UH;
				ENABLE_APP_SANDBOX = NO;
				ENABLE_HARDENED_RUNTIME = YES;
				ENABLE_PREVIEWS = YES;
				GENERATE_INFOPLIST_FILE = YES;
				INFOPLIST_KEY_CFBundleDisplayName = Winnow;
				INFOPLIST_KEY_LSApplicationCategoryType = "public.app-category.utilities";
				INFOPLIST_KEY_LSUIElement = YES;
				INFOPLIST_KEY_NSHumanReadableCopyright = "";
				LD_RUNPATH_SEARCH_PATHS = (
					"$(inherited)",
					"@executable_path/../Frameworks",
				);
				MACOSX_DEPLOYMENT_TARGET = 15;
				MARKETING_VERSION = 1.0;
				PRODUCT_BUNDLE_IDENTIFIER = com.ianyh.Winnow;
				PRODUCT_NAME = "$(TARGET_NAME)";
				REGISTER_APP_GROUPS = YES;
				STRING_CATALOG_GENERATE_SYMBOLS = YES;
				SWIFT_APPROACHABLE_CONCURRENCY = YES;
				SWIFT_DEFAULT_ACTOR_ISOLATION = MainActor;
				SWIFT_EMIT_LOC_STRINGS = YES;
				SWIFT_UPCOMING_FEATURE_MEMBER_IMPORT_VISIBILITY = YES;
				SWIFT_VERSION = 5.0;
			};
			name = Release;
		};
		40712C952F99A4B10032E1BE /* Debug */ = {
			isa = XCBuildConfiguration;
			buildSettings = {
				BUNDLE_LOADER = "$(TEST_HOST)";
				CODE_SIGN_STYLE = Automatic;
				CURRENT_PROJECT_VERSION = 1;
				DEVELOPMENT_TEAM = 82P2XLB4UH;
				GENERATE_INFOPLIST_FILE = YES;
				MACOSX_DEPLOYMENT_TARGET = 15;
				MARKETING_VERSION = 1.0;
				PRODUCT_BUNDLE_IDENTIFIER = com.ianyh.WinnowTests;
				PRODUCT_NAME = "$(TARGET_NAME)";
				STRING_CATALOG_GENERATE_SYMBOLS = NO;
				SWIFT_APPROACHABLE_CONCURRENCY = YES;
				SWIFT_EMIT_LOC_STRINGS = NO;
				SWIFT_UPCOMING_FEATURE_MEMBER_IMPORT_VISIBILITY = YES;
				SWIFT_VERSION = 5.0;
				TEST_HOST = "$(BUILT_PRODUCTS_DIR)/Winnow.app/$(BUNDLE_EXECUTABLE_FOLDER_PATH)/Winnow";
			};
			name = Debug;
		};
		40712C962F99A4B10032E1BE /* Release */ = {
			isa = XCBuildConfiguration;
			buildSettings = {
				BUNDLE_LOADER = "$(TEST_HOST)";
				CODE_SIGN_STYLE = Automatic;
				CURRENT_PROJECT_VERSION = 1;
				DEVELOPMENT_TEAM = 82P2XLB4UH;
				GENERATE_INFOPLIST_FILE = YES;
				MACOSX_DEPLOYMENT_TARGET = 15;
				MARKETING_VERSION = 1.0;
				PRODUCT_BUNDLE_IDENTIFIER = com.ianyh.WinnowTests;
				PRODUCT_NAME = "$(TARGET_NAME)";
				STRING_CATALOG_GENERATE_SYMBOLS = NO;
				SWIFT_APPROACHABLE_CONCURRENCY = YES;
				SWIFT_EMIT_LOC_STRINGS = NO;
				SWIFT_UPCOMING_FEATURE_MEMBER_IMPORT_VISIBILITY = YES;
				SWIFT_VERSION = 5.0;
				TEST_HOST = "$(BUILT_PRODUCTS_DIR)/Winnow.app/$(BUNDLE_EXECUTABLE_FOLDER_PATH)/Winnow";
			};
			name = Release;
		};
		40712C982F99A4B10032E1BE /* Debug */ = {
			isa = XCBuildConfiguration;
			buildSettings = {
				CODE_SIGN_STYLE = Automatic;
				CURRENT_PROJECT_VERSION = 1;
				DEVELOPMENT_TEAM = 82P2XLB4UH;
				GENERATE_INFOPLIST_FILE = YES;
				MACOSX_DEPLOYMENT_TARGET = 15;
				MARKETING_VERSION = 1.0;
				PRODUCT_BUNDLE_IDENTIFIER = com.ianyh.WinnowUITests;
				PRODUCT_NAME = "$(TARGET_NAME)";
				STRING_CATALOG_GENERATE_SYMBOLS = NO;
				SWIFT_APPROACHABLE_CONCURRENCY = YES;
				SWIFT_EMIT_LOC_STRINGS = NO;
				SWIFT_UPCOMING_FEATURE_MEMBER_IMPORT_VISIBILITY = YES;
				SWIFT_VERSION = 5.0;
				TEST_TARGET_NAME = Winnow;
			};
			name = Debug;
		};
		40712C992F99A4B10032E1BE /* Release */ = {
			isa = XCBuildConfiguration;
			buildSettings = {
				CODE_SIGN_STYLE = Automatic;
				CURRENT_PROJECT_VERSION = 1;
				DEVELOPMENT_TEAM = 82P2XLB4UH;
				GENERATE_INFOPLIST_FILE = YES;
				MACOSX_DEPLOYMENT_TARGET = 15;
				MARKETING_VERSION = 1.0;
				PRODUCT_BUNDLE_IDENTIFIER = com.ianyh.WinnowUITests;
				PRODUCT_NAME = "$(TARGET_NAME)";
				STRING_CATALOG_GENERATE_SYMBOLS = NO;
				SWIFT_APPROACHABLE_CONCURRENCY = YES;
				SWIFT_EMIT_LOC_STRINGS = NO;
				SWIFT_UPCOMING_FEATURE_MEMBER_IMPORT_VISIBILITY = YES;
				SWIFT_VERSION = 5.0;
				TEST_TARGET_NAME = Winnow;
			};
			name = Release;
		};
/* End XCBuildConfiguration section */

/* Begin XCConfigurationList section */
		40712C6B2F99A4AF0032E1BE /* Build configuration list for PBXProject "Winnow" */ = {
			isa = XCConfigurationList;
			buildConfigurations = (
				40712C8F2F99A4B10032E1BE /* Debug */,
				40712C902F99A4B10032E1BE /* Release */,
			);
			defaultConfigurationIsVisible = 0;
			defaultConfigurationName = Release;
		};
		40712C912F99A4B10032E1BE /* Build configuration list for PBXNativeTarget "Winnow" */ = {
			isa = XCConfigurationList;
			buildConfigurations = (
				40712C922F99A4B10032E1BE /* Debug */,
				40712C932F99A4B10032E1BE /* Release */,
			);
			defaultConfigurationIsVisible = 0;
			defaultConfigurationName = Release;
		};
		40712C942F99A4B10032E1BE /* Build configuration list for PBXNativeTarget "WinnowTests" */ = {
			isa = XCConfigurationList;
			buildConfigurations = (
				40712C952F99A4B10032E1BE /* Debug */,
				40712C962F99A4B10032E1BE /* Release */,
			);
			defaultConfigurationIsVisible = 0;
			defaultConfigurationName = Release;
		};
		40712C972F99A4B10032E1BE /* Build configuration list for PBXNativeTarget "WinnowUITests" */ = {
			isa = XCConfigurationList;
			buildConfigurations = (
				40712C982F99A4B10032E1BE /* Debug */,
				40712C992F99A4B10032E1BE /* Release */,
			);
			defaultConfigurationIsVisible = 0;
			defaultConfigurationName = Release;
		};
/* End XCConfigurationList section */

/* Begin XCRemoteSwiftPackageReference section */
		40712C9A2F99A5790032E1BE /* XCRemoteSwiftPackageReference "silica" */ = {
			isa = XCRemoteSwiftPackageReference;
			repositoryURL = "https://github.com/ianyh/silica";
			requirement = {
				branch = master;
				kind = branch;
			};
		};
		409AF9AB2F9C47A100E212F5 /* XCRemoteSwiftPackageReference "KeyboardShortcuts" */ = {
			isa = XCRemoteSwiftPackageReference;
			repositoryURL = "https://github.com/sindresorhus/KeyboardShortcuts";
			requirement = {
				kind = upToNextMajorVersion;
				minimumVersion = 2.4.0;
			};
		};
/* End XCRemoteSwiftPackageReference section */

/* Begin XCSwiftPackageProductDependency section */
		40712C9B2F99A5790032E1BE /* Silica */ = {
			isa = XCSwiftPackageProductDependency;
			package = 40712C9A2F99A5790032E1BE /* XCRemoteSwiftPackageReference "silica" */;
			productName = Silica;
		};
		409AF9AC2F9C47A100E212F5 /* KeyboardShortcuts */ = {
			isa = XCSwiftPackageProductDependency;
			package = 409AF9AB2F9C47A100E212F5 /* XCRemoteSwiftPackageReference "KeyboardShortcuts" */;
			productName = KeyboardShortcuts;
		};
/* End XCSwiftPackageProductDependency section */
	};
	rootObject = 40712C682F99A4AF0032E1BE /* Project object */;
}
