{
  "originHash" : "8af83706ffa230c6e8bab7ccf63af72087f25416b01774e1b0cf4fbc6774d550",
  "pins" : [
    {
      "identity" : "keyboardshortcuts",
      "kind" : "remoteSourceControl",
      "location" : "https://github.com/sindresorhus/KeyboardShortcuts",
      "state" : {
        "revision" : "1aef85578fdd4f9eaeeb8d53b7b4fc31bf08fe27",
        "version" : "2.4.0"
      }
    },
    {
      "identity" : "silica",
      "kind" : "remoteSourceControl",
      "location" : "https://github.com/ianyh/silica",
      "state" : {
        "branch" : "master",
        "revision" : "237b2aeba4e59279e2d4e2b0fe637994f9823257"
      }
    }
  ],
  "version" : 3
}
